{
    "name": "parcel-plugin-pangdox",
    "version": "0.0.2",
    "lockfileVersion": 1,
    "requires": true,
    "dependencies": {
        "@babel/runtime": {
            "version": "7.5.5",
            "resolved": "https://registry.npmjs.org/@babel/runtime/-/runtime-7.5.5.tgz",
            "integrity": "sha512-28QvEGyQyNkB0/m2B4FU7IEZGK2NUrcMtT6BZEFALTguLk+AUT6ofsHtPk5QyjAdUkpMJ+/Em+quwz4HOt30AQ==",
            "requires": {
                "regenerator-runtime": "^0.13.2"
            }
        },
        "@types/events": {
            "version": "3.0.0",
            "resolved": "https://registry.npmjs.org/@types/events/-/events-3.0.0.tgz",
            "integrity": "sha512-EaObqwIvayI5a8dCzhFrjKzVwKLxjoG9T6Ppd5CEo07LRKfQ8Yokw54r5+Wq7FaBQ+yXRvQAYPrHwya1/UFt9g=="
        },
        "@types/express-serve-static-core": {
            "version": "4.16.8",
            "resolved": "https://registry.npmjs.org/@types/express-serve-static-core/-/express-serve-static-core-4.16.8.tgz",
            "integrity": "sha512-5iLrUAEje8R1Jw6Em7ryETfZbhGc2CAO51Xphnlw7qmGI79f8sG8qMnvMk3M/IxNdoELYalib7ziuD6kUTk7sQ==",
            "requires": {
                "@types/node": "*",
                "@types/range-parser": "*"
            }
        },
        "@types/glob": {
            "version": "7.1.1",
            "resolved": "https://registry.npmjs.org/@types/glob/-/glob-7.1.1.tgz",
            "integrity": "sha512-1Bh06cbWJUHMC97acuD6UMG29nMt0Aqz1vF3guLfG+kHHJhy3AyohZFFxYk2f7Q1SQIrNwvncxAE0N/9s70F2w==",
            "requires": {
                "@types/events": "*",
                "@types/minimatch": "*",
                "@types/node": "*"
            }
        },
        "@types/highlight.js": {
            "version": "9.12.3",
            "resolved": "https://registry.npmjs.org/@types/highlight.js/-/highlight.js-9.12.3.tgz",
            "integrity": "sha512-pGF/zvYOACZ/gLGWdQH8zSwteQS1epp68yRcVLJMgUck/MjEn/FBYmPub9pXT8C1e4a8YZfHo1CKyV8q1vKUnQ=="
        },
        "@types/marked": {
            "version": "0.6.5",
            "resolved": "https://registry.npmjs.org/@types/marked/-/marked-0.6.5.tgz",
            "integrity": "sha512-6kBKf64aVfx93UJrcyEZ+OBM5nGv4RLsI6sR1Ar34bpgvGVRoyTgpxn4ZmtxOM5aDTAaaznYuYUH8bUX3Nk3YA=="
        },
        "@types/minimatch": {
            "version": "3.0.3",
            "resolved": "https://registry.npmjs.org/@types/minimatch/-/minimatch-3.0.3.tgz",
            "integrity": "sha512-tHq6qdbT9U1IRSGf14CL0pUlULksvY9OZ+5eEgl1N7t+OA3tGvNpxJCzuKQlsNgCVwbAs670L1vcVQi8j9HjnA=="
        },
        "@types/node": {
            "version": "12.7.2",
            "resolved": "https://registry.npmjs.org/@types/node/-/node-12.7.2.tgz",
            "integrity": "sha512-dyYO+f6ihZEtNPDcWNR1fkoTDf3zAK3lAABDze3mz6POyIercH0lEUawUFXlG8xaQZmm1yEBON/4TsYv/laDYg=="
        },
        "@types/parcel-bundler": {
            "version": "1.12.0",
            "resolved": "https://registry.npmjs.org/@types/parcel-bundler/-/parcel-bundler-1.12.0.tgz",
            "integrity": "sha512-25U2PLViO4rmT3XO3Mf5pSddLVr+ey5AzX9PgGzIvvMbzxkzdRGvcxb55n8W7CmYEdc9QQHRJR++a7aMSkcAzQ==",
            "requires": {
                "@types/express-serve-static-core": "*"
            }
        },
        "@types/range-parser": {
            "version": "1.2.3",
            "resolved": "https://registry.npmjs.org/@types/range-parser/-/range-parser-1.2.3.tgz",
            "integrity": "sha512-ewFXqrQHlFsgc09MK5jP5iR7vumV/BYayNC6PgJO2LPe8vrnNFyjQjSppfEngITi0qvfKtzFvgKymGheFM9UOA=="
        },
        "@types/yaml": {
            "version": "1.0.2",
            "resolved": "https://registry.npmjs.org/@types/yaml/-/yaml-1.0.2.tgz",
            "integrity": "sha512-rS1VJFjyGKNHk8H97COnPIK+oeLnc0J9G0ES63o/Ky+WlJCeaFGiGCTGhV/GEVKua7ZWIV1JIDopYUwrfvTo7A=="
        },
        "balanced-match": {
            "version": "1.0.0",
            "resolved": "https://registry.npmjs.org/balanced-match/-/balanced-match-1.0.0.tgz",
            "integrity": "sha1-ibTRmasr7kneFk6gK4nORi1xt2c="
        },
        "brace-expansion": {
            "version": "1.1.11",
            "resolved": "https://registry.npmjs.org/brace-expansion/-/brace-expansion-1.1.11.tgz",
            "integrity": "sha512-iCuPHDFgrHX7H2vEI/5xpz07zSHB00TpugqhmYtVmMO6518mCuRMoOYFldEBl0g187ufozdaHgWKcYFb61qGiA==",
            "requires": {
                "balanced-match": "^1.0.0",
                "concat-map": "0.0.1"
            }
        },
        "concat-map": {
            "version": "0.0.1",
            "resolved": "https://registry.npmjs.org/concat-map/-/concat-map-0.0.1.tgz",
            "integrity": "sha1-2Klr13/Wjfd5OnMDajug1UBdR3s="
        },
        "fs.realpath": {
            "version": "1.0.0",
            "resolved": "https://registry.npmjs.org/fs.realpath/-/fs.realpath-1.0.0.tgz",
            "integrity": "sha1-FQStJSMVjKpA20onh8sBQRmU6k8="
        },
        "glob": {
            "version": "7.1.4",
            "resolved": "https://registry.npmjs.org/glob/-/glob-7.1.4.tgz",
            "integrity": "sha512-hkLPepehmnKk41pUGm3sYxoFs/umurYfYJCerbXEyFIWcAzvpipAgVkBqqT9RBKMGjnq6kMuyYwha6csxbiM1A==",
            "requires": {
                "fs.realpath": "^1.0.0",
                "inflight": "^1.0.4",
                "inherits": "2",
                "minimatch": "^3.0.4",
                "once": "^1.3.0",
                "path-is-absolute": "^1.0.0"
            }
        },
        "highlight.js": {
            "version": "9.15.9",
            "resolved": "https://registry.npmjs.org/highlight.js/-/highlight.js-9.15.9.tgz",
            "integrity": "sha512-M0zZvfLr5p0keDMCAhNBp03XJbKBxUx5AfyfufMdFMEP4N/Xj6dh0IqC75ys7BAzceR34NgcvXjupRVaHBPPVQ=="
        },
        "inflight": {
            "version": "1.0.6",
            "resolved": "https://registry.npmjs.org/inflight/-/inflight-1.0.6.tgz",
            "integrity": "sha1-Sb1jMdfQLQwJvJEKEHW6gWW1bfk=",
            "requires": {
                "once": "^1.3.0",
                "wrappy": "1"
            }
        },
        "inherits": {
            "version": "2.0.4",
            "resolved": "https://registry.npmjs.org/inherits/-/inherits-2.0.4.tgz",
            "integrity": "sha512-k/vGaX4/Yla3WzyMCvTQOXYeIHvqOKtnqBduzTHpzpQZzAskKMhZ2K+EnBiSM9zGSoIFeMpXKxa4dYeZIQqewQ=="
        },
        "kaitai-struct": {
            "version": "0.8.0-SNAPSHOT.11",
            "resolved": "https://registry.npmjs.org/kaitai-struct/-/kaitai-struct-0.8.0-SNAPSHOT.11.tgz",
            "integrity": "sha512-KvwMkEJt6B9/5qwLSz6DoNge+aT9B2oyKXldbeZVeNl2c/BgpRuEIuVrEHJ/iSKp4H5IrjdMZTCtFrYFsn1R1g=="
        },
        "liquidjs": {
            "version": "8.5.2",
            "resolved": "https://registry.npmjs.org/liquidjs/-/liquidjs-8.5.2.tgz",
            "integrity": "sha512-ZeTeytJNkos0Xhbu3XeGEPbMBMhzJpr9ijIJzZr5FpWp7VS4t/+FDXMpxpKtzRaNc3ah30dhrSxVdCphOaNrlw=="
        },
        "marked": {
            "version": "0.7.0",
            "resolved": "https://registry.npmjs.org/marked/-/marked-0.7.0.tgz",
            "integrity": "sha512-c+yYdCZJQrsRjTPhUx7VKkApw9bwDkNbHUKo1ovgcfDjb2kc8rLuRbIFyXL5WOEUwzSSKo3IXpph2K6DqB/KZg=="
        },
        "minimatch": {
            "version": "3.0.4",
            "resolved": "https://registry.npmjs.org/minimatch/-/minimatch-3.0.4.tgz",
            "integrity": "sha512-yJHVQEhyqPLUTgt9B83PXu6W3rx4MvvHvSUvToogpwoGDOUQ+yDrR0HRot+yOCdCO7u4hX3pWft6kWBBcqh0UA==",
            "requires": {
                "brace-expansion": "^1.1.7"
            }
        },
        "once": {
            "version": "1.4.0",
            "resolved": "https://registry.npmjs.org/once/-/once-1.4.0.tgz",
            "integrity": "sha1-WDsap3WWHUsROsF9nFC6753Xa9E=",
            "requires": {
                "wrappy": "1"
            }
        },
        "path-is-absolute": {
            "version": "1.0.1",
            "resolved": "https://registry.npmjs.org/path-is-absolute/-/path-is-absolute-1.0.1.tgz",
            "integrity": "sha1-F0uSaHNVNP+8es5r9TpanhtcX18="
        },
        "regenerator-runtime": {
            "version": "0.13.3",
            "resolved": "https://registry.npmjs.org/regenerator-runtime/-/regenerator-runtime-0.13.3.tgz",
            "integrity": "sha512-naKIZz2GQ8JWh///G7L3X6LaQUAMp2lvb1rvwwsURe/VXwD6VMfr+/1NuNw3ag8v2kY1aQ/go5SNn79O9JU7yw=="
        },
        "typescript": {
            "version": "3.5.3",
            "resolved": "https://registry.npmjs.org/typescript/-/typescript-3.5.3.tgz",
            "integrity": "sha512-ACzBtm/PhXBDId6a6sDJfroT2pOWt/oOnk4/dElG5G33ZL776N3Y6/6bKZJBFpd+b05F3Ct9qDjMeJmRWtE2/g=="
        },
        "wrappy": {
            "version": "1.0.2",
            "resolved": "https://registry.npmjs.org/wrappy/-/wrappy-1.0.2.tgz",
            "integrity": "sha1-tSQ9jz7BqjXxNkYFvA0QNuMKtp8="
        },
        "yaml": {
            "version": "1.6.0",
            "resolved": "https://registry.npmjs.org/yaml/-/yaml-1.6.0.tgz",
            "integrity": "sha512-iZfse3lwrJRoSlfs/9KQ9iIXxs9++RvBFVzAqbbBiFT+giYtyanevreF9r61ZTbGMgWQBxAua3FzJiniiJXWWw==",
            "requires": {
                "@babel/runtime": "^7.4.5"
            }
        }
    }
}
